
Microsoft Visual Studio Solution File, Format Version 12.00
# Visual Studio Version 16
VisualStudioVersion = 16.0.31112.23
MinimumVisualStudioVersion = 10.0.40219.1
Project("{FAE04EC0-301F-11D3-BF4B-00C04F79EFBC}") = "TreeApp", "TreeApp.csproj", "{2CE538A5-8F35-44AD-BE32-39D9374744E9}"
EndProject
Global
	GlobalSection(SolutionConfigurationPlatforms) = preSolution
		Debug|Any CPU = Debug|Any CPU
		Release|Any CPU = Release|Any CPU
	EndGlobalSection
	GlobalSection(ProjectConfigurationPlatforms) = postSolution
		{2CE538A5-8F35-44AD-BE32-39D9374744E9}.Debug|Any CPU.ActiveCfg = Debug|Any CPU
		{2CE538A5-8F35-44AD-BE32-39D9374744E9}.Debug|Any CPU.Build.0 = Debug|Any CPU
		{2CE538A5-8F35-44AD-BE32-39D9374744E9}.Release|Any CPU.ActiveCfg = Release|Any CPU
		{2CE538A5-8F35-44AD-BE32-39D9374744E9}.Release|Any CPU.Build.0 = Release|Any CPU
	EndGlobalSection
	GlobalSection(SolutionProperties) = preSolution
		HideSolutionNode = FALSE
	EndGlobalSection
	GlobalSection(ExtensibilityGlobals) = postSolution
		SolutionGuid = {77122091-F9C7-45D7-BACE-EE5F2202BC84}
	EndGlobalSection
EndGlobal
