
Microsoft Visual Studio Solution File, Format Version 12.00
# Visual Studio Version 16
VisualStudioVersion = 16.0.31112.23
MinimumVisualStudioVersion = 10.0.40219.1
Project("{FAE04EC0-301F-11D3-BF4B-00C04F79EFBC}") = "LinqTasks", "LinqTasks.csproj", "{8555F5F9-C3DA-4FA9-A650-89F917FF677A}"
EndProject
Global
	GlobalSection(SolutionConfigurationPlatforms) = preSolution
		Debug|Any CPU = Debug|Any CPU
		Release|Any CPU = Release|Any CPU
	EndGlobalSection
	GlobalSection(ProjectConfigurationPlatforms) = postSolution
		{8555F5F9-C3DA-4FA9-A650-89F917FF677A}.Debug|Any CPU.ActiveCfg = Debug|Any CPU
		{8555F5F9-C3DA-4FA9-A650-89F917FF677A}.Debug|Any CPU.Build.0 = Debug|Any CPU
		{8555F5F9-C3DA-4FA9-A650-89F917FF677A}.Release|Any CPU.ActiveCfg = Release|Any CPU
		{8555F5F9-C3DA-4FA9-A650-89F917FF677A}.Release|Any CPU.Build.0 = Release|Any CPU
	EndGlobalSection
	GlobalSection(SolutionProperties) = preSolution
		HideSolutionNode = FALSE
	EndGlobalSection
	GlobalSection(ExtensibilityGlobals) = postSolution
		SolutionGuid = {41A7D60E-9352-496D-B673-876D8987253C}
	EndGlobalSection
EndGlobal
