
Microsoft Visual Studio Solution File, Format Version 12.00
# Visual Studio Version 16
VisualStudioVersion = 16.0.31112.23
MinimumVisualStudioVersion = 10.0.40219.1
Project("{FAE04EC0-301F-11D3-BF4B-00C04F79EFBC}") = "HashTable", "HashTable.csproj", "{009B6683-C5BE-4BA8-8BC1-4C5D10E8DA1D}"
EndProject
Global
	GlobalSection(SolutionConfigurationPlatforms) = preSolution
		Debug|Any CPU = Debug|Any CPU
		Release|Any CPU = Release|Any CPU
	EndGlobalSection
	GlobalSection(ProjectConfigurationPlatforms) = postSolution
		{009B6683-C5BE-4BA8-8BC1-4C5D10E8DA1D}.Debug|Any CPU.ActiveCfg = Debug|Any CPU
		{009B6683-C5BE-4BA8-8BC1-4C5D10E8DA1D}.Debug|Any CPU.Build.0 = Debug|Any CPU
		{009B6683-C5BE-4BA8-8BC1-4C5D10E8DA1D}.Release|Any CPU.ActiveCfg = Release|Any CPU
		{009B6683-C5BE-4BA8-8BC1-4C5D10E8DA1D}.Release|Any CPU.Build.0 = Release|Any CPU
	EndGlobalSection
	GlobalSection(SolutionProperties) = preSolution
		HideSolutionNode = FALSE
	EndGlobalSection
	GlobalSection(ExtensibilityGlobals) = postSolution
		SolutionGuid = {58B73AD1-5796-424F-B6F5-F8156C698283}
	EndGlobalSection
EndGlobal
